// !$*UTF8*$!
{
	archiveVersion = 1;
	classes = {
	};
	objectVersion = 54;
	objects = {

/* Begin PBXBuildFile section */
		004C8A3F4DD1403D828D9170 /* FontAwesome5_Solid.ttf in Resources */ = {isa = PBXBuildFile; fileRef = D4A27F1C4B27488F911E649C /* FontAwesome5_Solid.ttf */; };
		0C80B921A6F3F58F76C31292 /* libPods-Shiftableseeker.a in Frameworks */ = {isa = PBXBuildFile; fileRef = 5DCACB8F33CDC322A6C60F78 /* libPods-Shiftableseeker.a */; };
		118ECC9D984647FCB9E0F195 /* Satoshi-Italic.otf in Resources */ = {isa = PBXBuildFile; fileRef = 19448150B88A4BDC8E041104 /* Satoshi-Italic.otf */; };
		13B07FBC1A68108700A75B9A /* AppDelegate.mm in Sources */ = {isa = PBXBuildFile; fileRef = 13B07FB01A68108700A75B9A /* AppDelegate.mm */; };
		13B07FBF1A68108700A75B9A /* Images.xcassets in Resources */ = {isa = PBXBuildFile; fileRef = 13B07FB51A68108700A75B9A /* Images.xcassets */; };
		13B07FC11A68108700A75B9A /* main.m in Sources */ = {isa = PBXBuildFile; fileRef = 13B07FB71A68108700A75B9A /* main.m */; };
		1527026390F04B1FB0ABA681 /* NotoSerif-BoldItalic.ttf in Resources */ = {isa = PBXBuildFile; fileRef = AFDD25EA17B34E8E8485F699 /* NotoSerif-BoldItalic.ttf */; };
		1D936FAD5D67472AABAD8445 /* FontAwesome.ttf in Resources */ = {isa = PBXBuildFile; fileRef = 8BE829C695E441EB840EC410 /* FontAwesome.ttf */; };
		22CDA90D5DA9431D8976EC66 /* MaterialCommunityIcons.ttf in Resources */ = {isa = PBXBuildFile; fileRef = 2A68E803524F4B2E8D869C4E /* MaterialCommunityIcons.ttf */; };
		2538C4956DE04901B6A3738B /* EvilIcons.ttf in Resources */ = {isa = PBXBuildFile; fileRef = 0953EC333CB74415A955B0FE /* EvilIcons.ttf */; };
		27A953CAC2114A3EACA4CB06 /* SimpleLineIcons.ttf in Resources */ = {isa = PBXBuildFile; fileRef = DEA4C445721D43EF9B5F9C68 /* SimpleLineIcons.ttf */; };
		30DD6BA14122480EA6F069C2 /* Satoshi-Bold.otf in Resources */ = {isa = PBXBuildFile; fileRef = 19FB8B86C96549ADA3F2BFBB /* Satoshi-Bold.otf */; };
		3168BBB371404B7680D3BBB8 /* Entypo.ttf in Resources */ = {isa = PBXBuildFile; fileRef = 9C4790381F7B4CD6A5F6FCAA /* Entypo.ttf */; };
		4C84EB28C8164171B7625BC7 /* NotoSerif-Regular.ttf in Resources */ = {isa = PBXBuildFile; fileRef = 344E8E3AAF4C46B19C52ACAB /* NotoSerif-Regular.ttf */; };
		5B418D8629D3492B8110A843 /* FontAwesome5_Regular.ttf in Resources */ = {isa = PBXBuildFile; fileRef = F15E9106F60C4D508D07ED72 /* FontAwesome5_Regular.ttf */; };
		65F0952457D345518AD50BCC /* Satoshi-LightItalic.otf in Resources */ = {isa = PBXBuildFile; fileRef = 1982F3E351A04E1386CBE68A /* Satoshi-LightItalic.otf */; };
		70362C88D91346E19D1E5F8F /* Feather.ttf in Resources */ = {isa = PBXBuildFile; fileRef = 5107B70732A54970A14CABE0 /* Feather.ttf */; };
		72B1EC78E58F40C39EBC9C9C /* Satoshi-Black.otf in Resources */ = {isa = PBXBuildFile; fileRef = E8BC0C993E1F48D8B03828F8 /* Satoshi-Black.otf */; };
		779F6C1771D04625A5D87828 /* Satoshi-Medium.otf in Resources */ = {isa = PBXBuildFile; fileRef = E85865EE849841848BB16723 /* Satoshi-Medium.otf */; };
		7F984CCD60E14513AB2DD121 /* Ionicons.ttf in Resources */ = {isa = PBXBuildFile; fileRef = 7F2B3C87BE454697A05B6CCA /* Ionicons.ttf */; };
		81AB9BB82411601600AC10FF /* LaunchScreen.storyboard in Resources */ = {isa = PBXBuildFile; fileRef = 81AB9BB72411601600AC10FF /* LaunchScreen.storyboard */; };
		86AC08019F4D40CFA4CB6B8C /* Foundation.ttf in Resources */ = {isa = PBXBuildFile; fileRef = F31182E9F73541738243294F /* Foundation.ttf */; };
		8D0806E36A054C4FA6C5D126 /* Satoshi-Regular.otf in Resources */ = {isa = PBXBuildFile; fileRef = C02D93520FDA428F9E1C17B8 /* Satoshi-Regular.otf */; };
		904C0B85B1754FCFBF99CC83 /* Satoshi-BoldItalic.otf in Resources */ = {isa = PBXBuildFile; fileRef = B0E11BA1DD5348F2947FABBC /* Satoshi-BoldItalic.otf */; };
		98CA64416C8047B2AF96330A /* Roboto-Thin.ttf in Resources */ = {isa = PBXBuildFile; fileRef = A4E8083594EB40AEBD225192 /* Roboto-Thin.ttf */; };
		A3EF78F039EB4145ADD3CB1E /* Roboto-Light.ttf in Resources */ = {isa = PBXBuildFile; fileRef = CD73E92C02BF4E51BCE453F8 /* Roboto-Light.ttf */; };
		A6CC64C61F4B426F843C3C9D /* Roboto-Medium.ttf in Resources */ = {isa = PBXBuildFile; fileRef = 91BC93CD410A4986AED7D9CF /* Roboto-Medium.ttf */; };
		AAE3986008E149BAB43A68EE /* AntDesign.ttf in Resources */ = {isa = PBXBuildFile; fileRef = 8603C985336349E897BED6CE /* AntDesign.ttf */; };
		B205212636434E8587439133 /* Roboto-Bold.ttf in Resources */ = {isa = PBXBuildFile; fileRef = F8DA240A18294BD486868C87 /* Roboto-Bold.ttf */; };
		B6E37ED6521647A192CAC1FD /* Satoshi-MediumItalic.otf in Resources */ = {isa = PBXBuildFile; fileRef = 0FBA973CFA624281AB44E4CE /* Satoshi-MediumItalic.otf */; };
		B74645C6E26A4787B00CCF77 /* Satoshi-Light.otf in Resources */ = {isa = PBXBuildFile; fileRef = 68D3643ADCAE49D1A460B213 /* Satoshi-Light.otf */; };
		CC0324CFFC9B42DB9D49D39F /* FontAwesome5_Brands.ttf in Resources */ = {isa = PBXBuildFile; fileRef = A9AB9F52C9C4478ABD17E2AB /* FontAwesome5_Brands.ttf */; };
		CE5DF629412A46EB861E6697 /* Fontisto.ttf in Resources */ = {isa = PBXBuildFile; fileRef = F600289F66B1459A9074F520 /* Fontisto.ttf */; };
		EC7F35781EF44D06950CE3F9 /* NotoSerif-Bold.ttf in Resources */ = {isa = PBXBuildFile; fileRef = 519CF51D6A9145C1B4649658 /* NotoSerif-Bold.ttf */; };
		ECA53388D807465D919C27F2 /* Zocial.ttf in Resources */ = {isa = PBXBuildFile; fileRef = EDCBD4E577E644E398CFE787 /* Zocial.ttf */; };
		F099721312114BE59D0645D2 /* NotoSerif-Italic.ttf in Resources */ = {isa = PBXBuildFile; fileRef = 749A40046CC84C49A118549D /* NotoSerif-Italic.ttf */; };
		F976CC9280FE4F629F539564 /* MaterialIcons.ttf in Resources */ = {isa = PBXBuildFile; fileRef = 2CDBB26984774657854B9EC9 /* MaterialIcons.ttf */; };
		FDB4FB9368474AAB9B9C35E2 /* Roboto-Regular.ttf in Resources */ = {isa = PBXBuildFile; fileRef = 8A9F4AD4AB244DCEA78E19BC /* Roboto-Regular.ttf */; };
		FDF5B3FB126E4524AD7FAC4B /* Satoshi-BlackItalic.otf in Resources */ = {isa = PBXBuildFile; fileRef = 71EE67D6D45B446CBC268933 /* Satoshi-BlackItalic.otf */; };
/* End PBXBuildFile section */

/* Begin PBXContainerItemProxy section */
		00E356F41AD99517003FC87E /* PBXContainerItemProxy */ = {
			isa = PBXContainerItemProxy;
			containerPortal = 83CBB9F71A601CBA00E9B192 /* Project object */;
			proxyType = 1;
			remoteGlobalIDString = 13B07F861A680F5B00A75B9A;
			remoteInfo = Shiftableseeker;
		};
/* End PBXContainerItemProxy section */

/* Begin PBXFileReference section */
		00E356EE1AD99517003FC87E /* ShiftableseekerTests.xctest */ = {isa = PBXFileReference; explicitFileType = wrapper.cfbundle; includeInIndex = 0; path = ShiftableseekerTests.xctest; sourceTree = BUILT_PRODUCTS_DIR; };
		0953EC333CB74415A955B0FE /* EvilIcons.ttf */ = {isa = PBXFileReference; explicitFileType = undefined; fileEncoding = 9; includeInIndex = 0; lastKnownFileType = unknown; name = EvilIcons.ttf; path = ../assets/fonts/EvilIcons.ttf; sourceTree = "<group>"; };
		0FBA973CFA624281AB44E4CE /* Satoshi-MediumItalic.otf */ = {isa = PBXFileReference; explicitFileType = undefined; fileEncoding = 9; includeInIndex = 0; lastKnownFileType = unknown; name = "Satoshi-MediumItalic.otf"; path = "../assets/fonts/Satoshi-MediumItalic.otf"; sourceTree = "<group>"; };
		13B07F961A680F5B00A75B9A /* Shiftableseeker.app */ = {isa = PBXFileReference; explicitFileType = wrapper.application; includeInIndex = 0; path = Shiftableseeker.app; sourceTree = BUILT_PRODUCTS_DIR; };
		13B07FAF1A68108700A75B9A /* AppDelegate.h */ = {isa = PBXFileReference; fileEncoding = 4; lastKnownFileType = sourcecode.c.h; name = AppDelegate.h; path = Shiftableseeker/AppDelegate.h; sourceTree = "<group>"; };
		13B07FB01A68108700A75B9A /* AppDelegate.mm */ = {isa = PBXFileReference; fileEncoding = 4; lastKnownFileType = sourcecode.cpp.objcpp; name = AppDelegate.mm; path = Shiftableseeker/AppDelegate.mm; sourceTree = "<group>"; };
		13B07FB51A68108700A75B9A /* Images.xcassets */ = {isa = PBXFileReference; lastKnownFileType = folder.assetcatalog; name = Images.xcassets; path = Shiftableseeker/Images.xcassets; sourceTree = "<group>"; };
		13B07FB61A68108700A75B9A /* Info.plist */ = {isa = PBXFileReference; fileEncoding = 4; lastKnownFileType = text.plist.xml; name = Info.plist; path = Shiftableseeker/Info.plist; sourceTree = "<group>"; };
		13B07FB71A68108700A75B9A /* main.m */ = {isa = PBXFileReference; fileEncoding = 4; lastKnownFileType = sourcecode.c.objc; name = main.m; path = Shiftableseeker/main.m; sourceTree = "<group>"; };
		19448150B88A4BDC8E041104 /* Satoshi-Italic.otf */ = {isa = PBXFileReference; explicitFileType = undefined; fileEncoding = 9; includeInIndex = 0; lastKnownFileType = unknown; name = "Satoshi-Italic.otf"; path = "../assets/fonts/Satoshi-Italic.otf"; sourceTree = "<group>"; };
		1982F3E351A04E1386CBE68A /* Satoshi-LightItalic.otf */ = {isa = PBXFileReference; explicitFileType = undefined; fileEncoding = 9; includeInIndex = 0; lastKnownFileType = unknown; name = "Satoshi-LightItalic.otf"; path = "../assets/fonts/Satoshi-LightItalic.otf"; sourceTree = "<group>"; };
		19FB8B86C96549ADA3F2BFBB /* Satoshi-Bold.otf */ = {isa = PBXFileReference; explicitFileType = undefined; fileEncoding = 9; includeInIndex = 0; lastKnownFileType = unknown; name = "Satoshi-Bold.otf"; path = "../assets/fonts/Satoshi-Bold.otf"; sourceTree = "<group>"; };
		2A68E803524F4B2E8D869C4E /* MaterialCommunityIcons.ttf */ = {isa = PBXFileReference; explicitFileType = undefined; fileEncoding = 9; includeInIndex = 0; lastKnownFileType = unknown; name = MaterialCommunityIcons.ttf; path = ../assets/fonts/MaterialCommunityIcons.ttf; sourceTree = "<group>"; };
		2CDBB26984774657854B9EC9 /* MaterialIcons.ttf */ = {isa = PBXFileReference; explicitFileType = undefined; fileEncoding = 9; includeInIndex = 0; lastKnownFileType = unknown; name = MaterialIcons.ttf; path = ../assets/fonts/MaterialIcons.ttf; sourceTree = "<group>"; };
		344E8E3AAF4C46B19C52ACAB /* NotoSerif-Regular.ttf */ = {isa = PBXFileReference; explicitFileType = undefined; fileEncoding = 9; includeInIndex = 0; lastKnownFileType = unknown; name = "NotoSerif-Regular.ttf"; path = "../assets/fonts/NotoSerif-Regular.ttf"; sourceTree = "<group>"; };
		3B4392A12AC88292D35C810B /* Pods-Shiftableseeker.debug.xcconfig */ = {isa = PBXFileReference; includeInIndex = 1; lastKnownFileType = text.xcconfig; name = "Pods-Shiftableseeker.debug.xcconfig"; path = "Target Support Files/Pods-Shiftableseeker/Pods-Shiftableseeker.debug.xcconfig"; sourceTree = "<group>"; };
		5107B70732A54970A14CABE0 /* Feather.ttf */ = {isa = PBXFileReference; explicitFileType = undefined; fileEncoding = 9; includeInIndex = 0; lastKnownFileType = unknown; name = Feather.ttf; path = ../assets/fonts/Feather.ttf; sourceTree = "<group>"; };
		519CF51D6A9145C1B4649658 /* NotoSerif-Bold.ttf */ = {isa = PBXFileReference; explicitFileType = undefined; fileEncoding = 9; includeInIndex = 0; lastKnownFileType = unknown; name = "NotoSerif-Bold.ttf"; path = "../assets/fonts/NotoSerif-Bold.ttf"; sourceTree = "<group>"; };
		5709B34CF0A7D63546082F79 /* Pods-Shiftableseeker.release.xcconfig */ = {isa = PBXFileReference; includeInIndex = 1; lastKnownFileType = text.xcconfig; name = "Pods-Shiftableseeker.release.xcconfig"; path = "Target Support Files/Pods-Shiftableseeker/Pods-Shiftableseeker.release.xcconfig"; sourceTree = "<group>"; };
		5DCACB8F33CDC322A6C60F78 /* libPods-Shiftableseeker.a */ = {isa = PBXFileReference; explicitFileType = archive.ar; includeInIndex = 0; path = "libPods-Shiftableseeker.a"; sourceTree = BUILT_PRODUCTS_DIR; };
		68D3643ADCAE49D1A460B213 /* Satoshi-Light.otf */ = {isa = PBXFileReference; explicitFileType = undefined; fileEncoding = 9; includeInIndex = 0; lastKnownFileType = unknown; name = "Satoshi-Light.otf"; path = "../assets/fonts/Satoshi-Light.otf"; sourceTree = "<group>"; };
		71EE67D6D45B446CBC268933 /* Satoshi-BlackItalic.otf */ = {isa = PBXFileReference; explicitFileType = undefined; fileEncoding = 9; includeInIndex = 0; lastKnownFileType = unknown; name = "Satoshi-BlackItalic.otf"; path = "../assets/fonts/Satoshi-BlackItalic.otf"; sourceTree = "<group>"; };
		749A40046CC84C49A118549D /* NotoSerif-Italic.ttf */ = {isa = PBXFileReference; explicitFileType = undefined; fileEncoding = 9; includeInIndex = 0; lastKnownFileType = unknown; name = "NotoSerif-Italic.ttf"; path = "../assets/fonts/NotoSerif-Italic.ttf"; sourceTree = "<group>"; };
		7F2B3C87BE454697A05B6CCA /* Ionicons.ttf */ = {isa = PBXFileReference; explicitFileType = undefined; fileEncoding = 9; includeInIndex = 0; lastKnownFileType = unknown; name = Ionicons.ttf; path = ../assets/fonts/Ionicons.ttf; sourceTree = "<group>"; };
		81AB9BB72411601600AC10FF /* LaunchScreen.storyboard */ = {isa = PBXFileReference; fileEncoding = 4; lastKnownFileType = file.storyboard; name = LaunchScreen.storyboard; path = Shiftableseeker/LaunchScreen.storyboard; sourceTree = "<group>"; };
		8603C985336349E897BED6CE /* AntDesign.ttf */ = {isa = PBXFileReference; explicitFileType = undefined; fileEncoding = 9; includeInIndex = 0; lastKnownFileType = unknown; name = AntDesign.ttf; path = ../assets/fonts/AntDesign.ttf; sourceTree = "<group>"; };
		8A9F4AD4AB244DCEA78E19BC /* Roboto-Regular.ttf */ = {isa = PBXFileReference; explicitFileType = undefined; fileEncoding = 9; includeInIndex = 0; lastKnownFileType = unknown; name = "Roboto-Regular.ttf"; path = "../assets/fonts/Roboto-Regular.ttf"; sourceTree = "<group>"; };
		8BE829C695E441EB840EC410 /* FontAwesome.ttf */ = {isa = PBXFileReference; explicitFileType = undefined; fileEncoding = 9; includeInIndex = 0; lastKnownFileType = unknown; name = FontAwesome.ttf; path = ../assets/fonts/FontAwesome.ttf; sourceTree = "<group>"; };
		91BC93CD410A4986AED7D9CF /* Roboto-Medium.ttf */ = {isa = PBXFileReference; explicitFileType = undefined; fileEncoding = 9; includeInIndex = 0; lastKnownFileType = unknown; name = "Roboto-Medium.ttf"; path = "../assets/fonts/Roboto-Medium.ttf"; sourceTree = "<group>"; };
		9C4790381F7B4CD6A5F6FCAA /* Entypo.ttf */ = {isa = PBXFileReference; explicitFileType = undefined; fileEncoding = 9; includeInIndex = 0; lastKnownFileType = unknown; name = Entypo.ttf; path = ../assets/fonts/Entypo.ttf; sourceTree = "<group>"; };
		A4E8083594EB40AEBD225192 /* Roboto-Thin.ttf */ = {isa = PBXFileReference; explicitFileType = undefined; fileEncoding = 9; includeInIndex = 0; lastKnownFileType = unknown; name = "Roboto-Thin.ttf"; path = "../assets/fonts/Roboto-Thin.ttf"; sourceTree = "<group>"; };
		A9AB9F52C9C4478ABD17E2AB /* FontAwesome5_Brands.ttf */ = {isa = PBXFileReference; explicitFileType = undefined; fileEncoding = 9; includeInIndex = 0; lastKnownFileType = unknown; name = FontAwesome5_Brands.ttf; path = ../assets/fonts/FontAwesome5_Brands.ttf; sourceTree = "<group>"; };
		AFDD25EA17B34E8E8485F699 /* NotoSerif-BoldItalic.ttf */ = {isa = PBXFileReference; explicitFileType = undefined; fileEncoding = 9; includeInIndex = 0; lastKnownFileType = unknown; name = "NotoSerif-BoldItalic.ttf"; path = "../assets/fonts/NotoSerif-BoldItalic.ttf"; sourceTree = "<group>"; };
		B0E11BA1DD5348F2947FABBC /* Satoshi-BoldItalic.otf */ = {isa = PBXFileReference; explicitFileType = undefined; fileEncoding = 9; includeInIndex = 0; lastKnownFileType = unknown; name = "Satoshi-BoldItalic.otf"; path = "../assets/fonts/Satoshi-BoldItalic.otf"; sourceTree = "<group>"; };
		C02D93520FDA428F9E1C17B8 /* Satoshi-Regular.otf */ = {isa = PBXFileReference; explicitFileType = undefined; fileEncoding = 9; includeInIndex = 0; lastKnownFileType = unknown; name = "Satoshi-Regular.otf"; path = "../assets/fonts/Satoshi-Regular.otf"; sourceTree = "<group>"; };
		CD73E92C02BF4E51BCE453F8 /* Roboto-Light.ttf */ = {isa = PBXFileReference; explicitFileType = undefined; fileEncoding = 9; includeInIndex = 0; lastKnownFileType = unknown; name = "Roboto-Light.ttf"; path = "../assets/fonts/Roboto-Light.ttf"; sourceTree = "<group>"; };
		D4A27F1C4B27488F911E649C /* FontAwesome5_Solid.ttf */ = {isa = PBXFileReference; explicitFileType = undefined; fileEncoding = 9; includeInIndex = 0; lastKnownFileType = unknown; name = FontAwesome5_Solid.ttf; path = ../assets/fonts/FontAwesome5_Solid.ttf; sourceTree = "<group>"; };
		DEA4C445721D43EF9B5F9C68 /* SimpleLineIcons.ttf */ = {isa = PBXFileReference; explicitFileType = undefined; fileEncoding = 9; includeInIndex = 0; lastKnownFileType = unknown; name = SimpleLineIcons.ttf; path = ../assets/fonts/SimpleLineIcons.ttf; sourceTree = "<group>"; };
		E85865EE849841848BB16723 /* Satoshi-Medium.otf */ = {isa = PBXFileReference; explicitFileType = undefined; fileEncoding = 9; includeInIndex = 0; lastKnownFileType = unknown; name = "Satoshi-Medium.otf"; path = "../assets/fonts/Satoshi-Medium.otf"; sourceTree = "<group>"; };
		E8BC0C993E1F48D8B03828F8 /* Satoshi-Black.otf */ = {isa = PBXFileReference; explicitFileType = undefined; fileEncoding = 9; includeInIndex = 0; lastKnownFileType = unknown; name = "Satoshi-Black.otf"; path = "../assets/fonts/Satoshi-Black.otf"; sourceTree = "<group>"; };
		ED297162215061F000B7C4FE /* JavaScriptCore.framework */ = {isa = PBXFileReference; lastKnownFileType = wrapper.framework; name = JavaScriptCore.framework; path = System/Library/Frameworks/JavaScriptCore.framework; sourceTree = SDKROOT; };
		EDCBD4E577E644E398CFE787 /* Zocial.ttf */ = {isa = PBXFileReference; explicitFileType = undefined; fileEncoding = 9; includeInIndex = 0; lastKnownFileType = unknown; name = Zocial.ttf; path = ../assets/fonts/Zocial.ttf; sourceTree = "<group>"; };
		F15E9106F60C4D508D07ED72 /* FontAwesome5_Regular.ttf */ = {isa = PBXFileReference; explicitFileType = undefined; fileEncoding = 9; includeInIndex = 0; lastKnownFileType = unknown; name = FontAwesome5_Regular.ttf; path = ../assets/fonts/FontAwesome5_Regular.ttf; sourceTree = "<group>"; };
		F31182E9F73541738243294F /* Foundation.ttf */ = {isa = PBXFileReference; explicitFileType = undefined; fileEncoding = 9; includeInIndex = 0; lastKnownFileType = unknown; name = Foundation.ttf; path = ../assets/fonts/Foundation.ttf; sourceTree = "<group>"; };
		F600289F66B1459A9074F520 /* Fontisto.ttf */ = {isa = PBXFileReference; explicitFileType = undefined; fileEncoding = 9; includeInIndex = 0; lastKnownFileType = unknown; name = Fontisto.ttf; path = ../assets/fonts/Fontisto.ttf; sourceTree = "<group>"; };
		F8DA240A18294BD486868C87 /* Roboto-Bold.ttf */ = {isa = PBXFileReference; explicitFileType = undefined; fileEncoding = 9; includeInIndex = 0; lastKnownFileType = unknown; name = "Roboto-Bold.ttf"; path = "../assets/fonts/Roboto-Bold.ttf"; sourceTree = "<group>"; };
/* End PBXFileReference section */

/* Begin PBXFrameworksBuildPhase section */
		00E356EB1AD99517003FC87E /* Frameworks */ = {
			isa = PBXFrameworksBuildPhase;
			buildActionMask = 2147483647;
			files = (
			);
			runOnlyForDeploymentPostprocessing = 0;
		};
		13B07F8C1A680F5B00A75B9A /* Frameworks */ = {
			isa = PBXFrameworksBuildPhase;
			buildActionMask = 2147483647;
			files = (
				0C80B921A6F3F58F76C31292 /* libPods-Shiftableseeker.a in Frameworks */,
			);
			runOnlyForDeploymentPostprocessing = 0;
		};
/* End PBXFrameworksBuildPhase section */

/* Begin PBXGroup section */
		13B07FAE1A68108700A75B9A /* Shiftableseeker */ = {
			isa = PBXGroup;
			children = (
				13B07FAF1A68108700A75B9A /* AppDelegate.h */,
				13B07FB01A68108700A75B9A /* AppDelegate.mm */,
				13B07FB51A68108700A75B9A /* Images.xcassets */,
				13B07FB61A68108700A75B9A /* Info.plist */,
				81AB9BB72411601600AC10FF /* LaunchScreen.storyboard */,
				13B07FB71A68108700A75B9A /* main.m */,
			);
			name = Shiftableseeker;
			sourceTree = "<group>";
		};
		2D16E6871FA4F8E400B85C8A /* Frameworks */ = {
			isa = PBXGroup;
			children = (
				ED297162215061F000B7C4FE /* JavaScriptCore.framework */,
				5DCACB8F33CDC322A6C60F78 /* libPods-Shiftableseeker.a */,
			);
			name = Frameworks;
			sourceTree = "<group>";
		};
		832341AE1AAA6A7D00B99B32 /* Libraries */ = {
			isa = PBXGroup;
			children = (
			);
			name = Libraries;
			sourceTree = "<group>";
		};
		83CBB9F61A601CBA00E9B192 = {
			isa = PBXGroup;
			children = (
				13B07FAE1A68108700A75B9A /* Shiftableseeker */,
				832341AE1AAA6A7D00B99B32 /* Libraries */,
				83CBBA001A601CBA00E9B192 /* Products */,
				2D16E6871FA4F8E400B85C8A /* Frameworks */,
				BBD78D7AC51CEA395F1C20DB /* Pods */,
				DA231D0B48C14CCAA9E01A35 /* Resources */,
			);
			indentWidth = 2;
			sourceTree = "<group>";
			tabWidth = 2;
			usesTabs = 0;
		};
		83CBBA001A601CBA00E9B192 /* Products */ = {
			isa = PBXGroup;
			children = (
				13B07F961A680F5B00A75B9A /* Shiftableseeker.app */,
				00E356EE1AD99517003FC87E /* ShiftableseekerTests.xctest */,
			);
			name = Products;
			sourceTree = "<group>";
		};
		BBD78D7AC51CEA395F1C20DB /* Pods */ = {
			isa = PBXGroup;
			children = (
				3B4392A12AC88292D35C810B /* Pods-Shiftableseeker.debug.xcconfig */,
				5709B34CF0A7D63546082F79 /* Pods-Shiftableseeker.release.xcconfig */,
			);
			path = Pods;
			sourceTree = "<group>";
		};
		DA231D0B48C14CCAA9E01A35 /* Resources */ = {
			isa = PBXGroup;
			children = (
				E8BC0C993E1F48D8B03828F8 /* Satoshi-Black.otf */,
				71EE67D6D45B446CBC268933 /* Satoshi-BlackItalic.otf */,
				19FB8B86C96549ADA3F2BFBB /* Satoshi-Bold.otf */,
				B0E11BA1DD5348F2947FABBC /* Satoshi-BoldItalic.otf */,
				19448150B88A4BDC8E041104 /* Satoshi-Italic.otf */,
				68D3643ADCAE49D1A460B213 /* Satoshi-Light.otf */,
				1982F3E351A04E1386CBE68A /* Satoshi-LightItalic.otf */,
				E85865EE849841848BB16723 /* Satoshi-Medium.otf */,
				0FBA973CFA624281AB44E4CE /* Satoshi-MediumItalic.otf */,
				C02D93520FDA428F9E1C17B8 /* Satoshi-Regular.otf */,
				8603C985336349E897BED6CE /* AntDesign.ttf */,
				9C4790381F7B4CD6A5F6FCAA /* Entypo.ttf */,
				0953EC333CB74415A955B0FE /* EvilIcons.ttf */,
				5107B70732A54970A14CABE0 /* Feather.ttf */,
				8BE829C695E441EB840EC410 /* FontAwesome.ttf */,
				A9AB9F52C9C4478ABD17E2AB /* FontAwesome5_Brands.ttf */,
				F15E9106F60C4D508D07ED72 /* FontAwesome5_Regular.ttf */,
				D4A27F1C4B27488F911E649C /* FontAwesome5_Solid.ttf */,
				F600289F66B1459A9074F520 /* Fontisto.ttf */,
				F31182E9F73541738243294F /* Foundation.ttf */,
				7F2B3C87BE454697A05B6CCA /* Ionicons.ttf */,
				2A68E803524F4B2E8D869C4E /* MaterialCommunityIcons.ttf */,
				2CDBB26984774657854B9EC9 /* MaterialIcons.ttf */,
				519CF51D6A9145C1B4649658 /* NotoSerif-Bold.ttf */,
				AFDD25EA17B34E8E8485F699 /* NotoSerif-BoldItalic.ttf */,
				749A40046CC84C49A118549D /* NotoSerif-Italic.ttf */,
				344E8E3AAF4C46B19C52ACAB /* NotoSerif-Regular.ttf */,
				F8DA240A18294BD486868C87 /* Roboto-Bold.ttf */,
				CD73E92C02BF4E51BCE453F8 /* Roboto-Light.ttf */,
				91BC93CD410A4986AED7D9CF /* Roboto-Medium.ttf */,
				8A9F4AD4AB244DCEA78E19BC /* Roboto-Regular.ttf */,
				A4E8083594EB40AEBD225192 /* Roboto-Thin.ttf */,
				DEA4C445721D43EF9B5F9C68 /* SimpleLineIcons.ttf */,
				EDCBD4E577E644E398CFE787 /* Zocial.ttf */,
			);
			name = Resources;
			sourceTree = "<group>";
		};
/* End PBXGroup section */

/* Begin PBXNativeTarget section */
		00E356ED1AD99517003FC87E /* ShiftableseekerTests */ = {
			isa = PBXNativeTarget;
			buildConfigurationList = 00E357021AD99517003FC87E /* Build configuration list for PBXNativeTarget "ShiftableseekerTests" */;
			buildPhases = (
				00E356EA1AD99517003FC87E /* Sources */,
				00E356EB1AD99517003FC87E /* Frameworks */,
				00E356EC1AD99517003FC87E /* Resources */,
			);
			buildRules = (
			);
			dependencies = (
				00E356F51AD99517003FC87E /* PBXTargetDependency */,
			);
			name = ShiftableseekerTests;
			productName = ShiftableseekerTests;
			productReference = 00E356EE1AD99517003FC87E /* ShiftableseekerTests.xctest */;
			productType = "com.apple.product-type.bundle.unit-test";
		};
		13B07F861A680F5B00A75B9A /* Shiftableseeker */ = {
			isa = PBXNativeTarget;
			buildConfigurationList = 13B07F931A680F5B00A75B9A /* Build configuration list for PBXNativeTarget "Shiftableseeker" */;
			buildPhases = (
				C38B50BA6285516D6DCD4F65 /* [CP] Check Pods Manifest.lock */,
				FD10A7F022414F080027D42C /* Start Packager */,
				13B07F871A680F5B00A75B9A /* Sources */,
				13B07F8C1A680F5B00A75B9A /* Frameworks */,
				13B07F8E1A680F5B00A75B9A /* Resources */,
				00DD1BFF1BD5951E006B06BC /* Bundle React Native code and images */,
				00EEFC60759A1932668264C0 /* [CP] Embed Pods Frameworks */,
				E235C05ADACE081382539298 /* [CP] Copy Pods Resources */,
			);
			buildRules = (
			);
			dependencies = (
			);
			name = Shiftableseeker;
			productName = Shiftableseeker;
			productReference = 13B07F961A680F5B00A75B9A /* Shiftableseeker.app */;
			productType = "com.apple.product-type.application";
		};
/* End PBXNativeTarget section */

/* Begin PBXProject section */
		83CBB9F71A601CBA00E9B192 /* Project object */ = {
			isa = PBXProject;
			attributes = {
				LastUpgradeCheck = 1210;
				TargetAttributes = {
					00E356ED1AD99517003FC87E = {
						CreatedOnToolsVersion = 6.2;
						TestTargetID = 13B07F861A680F5B00A75B9A;
					};
					13B07F861A680F5B00A75B9A = {
						LastSwiftMigration = 1120;
					};
				};
			};
			buildConfigurationList = 83CBB9FA1A601CBA00E9B192 /* Build configuration list for PBXProject "Shiftableseeker" */;
			compatibilityVersion = "Xcode 12.0";
			developmentRegion = en;
			hasScannedForEncodings = 0;
			knownRegions = (
				en,
				Base,
			);
			mainGroup = 83CBB9F61A601CBA00E9B192;
			productRefGroup = 83CBBA001A601CBA00E9B192 /* Products */;
			projectDirPath = "";
			projectRoot = "";
			targets = (
				13B07F861A680F5B00A75B9A /* Shiftableseeker */,
				00E356ED1AD99517003FC87E /* ShiftableseekerTests */,
			);
		};
/* End PBXProject section */

/* Begin PBXResourcesBuildPhase section */
		00E356EC1AD99517003FC87E /* Resources */ = {
			isa = PBXResourcesBuildPhase;
			buildActionMask = 2147483647;
			files = (
			);
			runOnlyForDeploymentPostprocessing = 0;
		};
		13B07F8E1A680F5B00A75B9A /* Resources */ = {
			isa = PBXResourcesBuildPhase;
			buildActionMask = 2147483647;
			files = (
				81AB9BB82411601600AC10FF /* LaunchScreen.storyboard in Resources */,
				13B07FBF1A68108700A75B9A /* Images.xcassets in Resources */,
				72B1EC78E58F40C39EBC9C9C /* Satoshi-Black.otf in Resources */,
				FDF5B3FB126E4524AD7FAC4B /* Satoshi-BlackItalic.otf in Resources */,
				30DD6BA14122480EA6F069C2 /* Satoshi-Bold.otf in Resources */,
				904C0B85B1754FCFBF99CC83 /* Satoshi-BoldItalic.otf in Resources */,
				118ECC9D984647FCB9E0F195 /* Satoshi-Italic.otf in Resources */,
				B74645C6E26A4787B00CCF77 /* Satoshi-Light.otf in Resources */,
				65F0952457D345518AD50BCC /* Satoshi-LightItalic.otf in Resources */,
				779F6C1771D04625A5D87828 /* Satoshi-Medium.otf in Resources */,
				B6E37ED6521647A192CAC1FD /* Satoshi-MediumItalic.otf in Resources */,
				8D0806E36A054C4FA6C5D126 /* Satoshi-Regular.otf in Resources */,
				AAE3986008E149BAB43A68EE /* AntDesign.ttf in Resources */,
				3168BBB371404B7680D3BBB8 /* Entypo.ttf in Resources */,
				2538C4956DE04901B6A3738B /* EvilIcons.ttf in Resources */,
				70362C88D91346E19D1E5F8F /* Feather.ttf in Resources */,
				1D936FAD5D67472AABAD8445 /* FontAwesome.ttf in Resources */,
				CC0324CFFC9B42DB9D49D39F /* FontAwesome5_Brands.ttf in Resources */,
				5B418D8629D3492B8110A843 /* FontAwesome5_Regular.ttf in Resources */,
				004C8A3F4DD1403D828D9170 /* FontAwesome5_Solid.ttf in Resources */,
				CE5DF629412A46EB861E6697 /* Fontisto.ttf in Resources */,
				86AC08019F4D40CFA4CB6B8C /* Foundation.ttf in Resources */,
				7F984CCD60E14513AB2DD121 /* Ionicons.ttf in Resources */,
				22CDA90D5DA9431D8976EC66 /* MaterialCommunityIcons.ttf in Resources */,
				F976CC9280FE4F629F539564 /* MaterialIcons.ttf in Resources */,
				EC7F35781EF44D06950CE3F9 /* NotoSerif-Bold.ttf in Resources */,
				1527026390F04B1FB0ABA681 /* NotoSerif-BoldItalic.ttf in Resources */,
				F099721312114BE59D0645D2 /* NotoSerif-Italic.ttf in Resources */,
				4C84EB28C8164171B7625BC7 /* NotoSerif-Regular.ttf in Resources */,
				B205212636434E8587439133 /* Roboto-Bold.ttf in Resources */,
				A3EF78F039EB4145ADD3CB1E /* Roboto-Light.ttf in Resources */,
				A6CC64C61F4B426F843C3C9D /* Roboto-Medium.ttf in Resources */,
				FDB4FB9368474AAB9B9C35E2 /* Roboto-Regular.ttf in Resources */,
				98CA64416C8047B2AF96330A /* Roboto-Thin.ttf in Resources */,
				27A953CAC2114A3EACA4CB06 /* SimpleLineIcons.ttf in Resources */,
				ECA53388D807465D919C27F2 /* Zocial.ttf in Resources */,
			);
			runOnlyForDeploymentPostprocessing = 0;
		};
/* End PBXResourcesBuildPhase section */

/* Begin PBXShellScriptBuildPhase section */
		00DD1BFF1BD5951E006B06BC /* Bundle React Native code and images */ = {
			isa = PBXShellScriptBuildPhase;
			buildActionMask = 2147483647;
			files = (
			);
			inputPaths = (
				"$(SRCROOT)/.xcode.env.local",
				"$(SRCROOT)/.xcode.env",
			);
			name = "Bundle React Native code and images";
			outputPaths = (
			);
			runOnlyForDeploymentPostprocessing = 0;
			shellPath = /bin/sh;
			shellScript = "set -e\n\nWITH_ENVIRONMENT=\"../node_modules/react-native/scripts/xcode/with-environment.sh\"\nREACT_NATIVE_XCODE=\"../node_modules/react-native/scripts/react-native-xcode.sh\"\n\n/bin/sh -c \"$WITH_ENVIRONMENT $REACT_NATIVE_XCODE\"\n";
		};
		00EEFC60759A1932668264C0 /* [CP] Embed Pods Frameworks */ = {
			isa = PBXShellScriptBuildPhase;
			buildActionMask = 2147483647;
			files = (
			);
			inputFileListPaths = (
				"${PODS_ROOT}/Target Support Files/Pods-Shiftableseeker/Pods-Shiftableseeker-frameworks-${CONFIGURATION}-input-files.xcfilelist",
			);
			name = "[CP] Embed Pods Frameworks";
			outputFileListPaths = (
				"${PODS_ROOT}/Target Support Files/Pods-Shiftableseeker/Pods-Shiftableseeker-frameworks-${CONFIGURATION}-output-files.xcfilelist",
			);
			runOnlyForDeploymentPostprocessing = 0;
			shellPath = /bin/sh;
			shellScript = "\"${PODS_ROOT}/Target Support Files/Pods-Shiftableseeker/Pods-Shiftableseeker-frameworks.sh\"\n";
			showEnvVarsInLog = 0;
		};
		C38B50BA6285516D6DCD4F65 /* [CP] Check Pods Manifest.lock */ = {
			isa = PBXShellScriptBuildPhase;
			buildActionMask = 2147483647;
			files = (
			);
			inputFileListPaths = (
			);
			inputPaths = (
				"${PODS_PODFILE_DIR_PATH}/Podfile.lock",
				"${PODS_ROOT}/Manifest.lock",
			);
			name = "[CP] Check Pods Manifest.lock";
			outputFileListPaths = (
			);
			outputPaths = (
				"$(DERIVED_FILE_DIR)/Pods-Shiftableseeker-checkManifestLockResult.txt",
			);
			runOnlyForDeploymentPostprocessing = 0;
			shellPath = /bin/sh;
			shellScript = "diff \"${PODS_PODFILE_DIR_PATH}/Podfile.lock\" \"${PODS_ROOT}/Manifest.lock\" > /dev/null\nif [ $? != 0 ] ; then\n    # print error to STDERR\n    echo \"error: The sandbox is not in sync with the Podfile.lock. Run 'pod install' or update your CocoaPods installation.\" >&2\n    exit 1\nfi\n# This output is used by Xcode 'outputs' to avoid re-running this script phase.\necho \"SUCCESS\" > \"${SCRIPT_OUTPUT_FILE_0}\"\n";
			showEnvVarsInLog = 0;
		};
		E235C05ADACE081382539298 /* [CP] Copy Pods Resources */ = {
			isa = PBXShellScriptBuildPhase;
			buildActionMask = 2147483647;
			files = (
			);
			inputFileListPaths = (
				"${PODS_ROOT}/Target Support Files/Pods-Shiftableseeker/Pods-Shiftableseeker-resources-${CONFIGURATION}-input-files.xcfilelist",
			);
			name = "[CP] Copy Pods Resources";
			outputFileListPaths = (
				"${PODS_ROOT}/Target Support Files/Pods-Shiftableseeker/Pods-Shiftableseeker-resources-${CONFIGURATION}-output-files.xcfilelist",
			);
			runOnlyForDeploymentPostprocessing = 0;
			shellPath = /bin/sh;
			shellScript = "\"${PODS_ROOT}/Target Support Files/Pods-Shiftableseeker/Pods-Shiftableseeker-resources.sh\"\n";
			showEnvVarsInLog = 0;
		};
		FD10A7F022414F080027D42C /* Start Packager */ = {
			isa = PBXShellScriptBuildPhase;
			buildActionMask = 2147483647;
			files = (
			);
			inputFileListPaths = (
			);
			inputPaths = (
			);
			name = "Start Packager";
			outputFileListPaths = (
			);
			outputPaths = (
			);
			runOnlyForDeploymentPostprocessing = 0;
			shellPath = /bin/sh;
			shellScript = "export RCT_METRO_PORT=\"${RCT_METRO_PORT:=8081}\"\necho \"export RCT_METRO_PORT=${RCT_METRO_PORT}\" > \"${SRCROOT}/../node_modules/react-native/scripts/.packager.env\"\nif [ -z \"${RCT_NO_LAUNCH_PACKAGER+xxx}\" ] ; then\n  if nc -w 5 -z localhost ${RCT_METRO_PORT} ; then\n    if ! curl -s \"http://localhost:${RCT_METRO_PORT}/status\" | grep -q \"packager-status:running\" ; then\n      echo \"Port ${RCT_METRO_PORT} already in use, packager is either not running or not running correctly\"\n      exit 2\n    fi\n  else\n    open \"$SRCROOT/../node_modules/react-native/scripts/launchPackager.command\" || echo \"Can't start packager automatically\"\n  fi\nfi\n";
			showEnvVarsInLog = 0;
		};
/* End PBXShellScriptBuildPhase section */

/* Begin PBXSourcesBuildPhase section */
		00E356EA1AD99517003FC87E /* Sources */ = {
			isa = PBXSourcesBuildPhase;
			buildActionMask = 2147483647;
			files = (
			);
			runOnlyForDeploymentPostprocessing = 0;
		};
		13B07F871A680F5B00A75B9A /* Sources */ = {
			isa = PBXSourcesBuildPhase;
			buildActionMask = 2147483647;
			files = (
				13B07FBC1A68108700A75B9A /* AppDelegate.mm in Sources */,
				13B07FC11A68108700A75B9A /* main.m in Sources */,
			);
			runOnlyForDeploymentPostprocessing = 0;
		};
/* End PBXSourcesBuildPhase section */

/* Begin PBXTargetDependency section */
		00E356F51AD99517003FC87E /* PBXTargetDependency */ = {
			isa = PBXTargetDependency;
			target = 13B07F861A680F5B00A75B9A /* Shiftableseeker */;
			targetProxy = 00E356F41AD99517003FC87E /* PBXContainerItemProxy */;
		};
/* End PBXTargetDependency section */

/* Begin XCBuildConfiguration section */
		00E356F61AD99517003FC87E /* Debug */ = {
			isa = XCBuildConfiguration;
			buildSettings = {
				BUNDLE_LOADER = "$(TEST_HOST)";
				GCC_PREPROCESSOR_DEFINITIONS = (
					"DEBUG=1",
					"$(inherited)",
				);
				INFOPLIST_FILE = ShiftableseekerTests/Info.plist;
				IPHONEOS_DEPLOYMENT_TARGET = 12.4;
				LD_RUNPATH_SEARCH_PATHS = (
					"$(inherited)",
					"@executable_path/Frameworks",
					"@loader_path/Frameworks",
				);
				OTHER_LDFLAGS = (
					"-ObjC",
					"-lc++",
					"$(inherited)",
				);
				PRODUCT_BUNDLE_IDENTIFIER = "org.reactjs.native.example.$(PRODUCT_NAME:rfc1034identifier)";
				PRODUCT_NAME = "$(TARGET_NAME)";
				TEST_HOST = "$(BUILT_PRODUCTS_DIR)/Shiftableseeker.app/Shiftableseeker";
			};
			name = Debug;
		};
		00E356F71AD99517003FC87E /* Release */ = {
			isa = XCBuildConfiguration;
			buildSettings = {
				BUNDLE_LOADER = "$(TEST_HOST)";
				COPY_PHASE_STRIP = NO;
				INFOPLIST_FILE = ShiftableseekerTests/Info.plist;
				IPHONEOS_DEPLOYMENT_TARGET = 12.4;
				LD_RUNPATH_SEARCH_PATHS = (
					"$(inherited)",
					"@executable_path/Frameworks",
					"@loader_path/Frameworks",
				);
				OTHER_LDFLAGS = (
					"-ObjC",
					"-lc++",
					"$(inherited)",
				);
				PRODUCT_BUNDLE_IDENTIFIER = "org.reactjs.native.example.$(PRODUCT_NAME:rfc1034identifier)";
				PRODUCT_NAME = "$(TARGET_NAME)";
				TEST_HOST = "$(BUILT_PRODUCTS_DIR)/Shiftableseeker.app/Shiftableseeker";
			};
			name = Release;
		};
		13B07F941A680F5B00A75B9A /* Debug */ = {
			isa = XCBuildConfiguration;
			baseConfigurationReference = 3B4392A12AC88292D35C810B /* Pods-Shiftableseeker.debug.xcconfig */;
			buildSettings = {
				ASSETCATALOG_COMPILER_APPICON_NAME = AppIcon;
				CLANG_ENABLE_MODULES = YES;
				CURRENT_PROJECT_VERSION = 1;
				DEVELOPMENT_TEAM = PH243278PD;
				ENABLE_BITCODE = NO;
				INFOPLIST_FILE = Shiftableseeker/Info.plist;
				LD_RUNPATH_SEARCH_PATHS = (
					"$(inherited)",
					"@executable_path/Frameworks",
				);
				MARKETING_VERSION = 1.0;
				OTHER_LDFLAGS = (
					"$(inherited)",
					"-ObjC",
					"-lc++",
				);
				PRODUCT_BUNDLE_IDENTIFIER = com.shiftable.seeker;
				PRODUCT_NAME = Shiftableseeker;
				SWIFT_OPTIMIZATION_LEVEL = "-Onone";
				SWIFT_VERSION = 5.0;
				VERSIONING_SYSTEM = "apple-generic";
			};
			name = Debug;
		};
		13B07F951A680F5B00A75B9A /* Release */ = {
			isa = XCBuildConfiguration;
			baseConfigurationReference = 5709B34CF0A7D63546082F79 /* Pods-Shiftableseeker.release.xcconfig */;
			buildSettings = {
				ASSETCATALOG_COMPILER_APPICON_NAME = AppIcon;
				CLANG_ENABLE_MODULES = YES;
				CURRENT_PROJECT_VERSION = 1;
				DEVELOPMENT_TEAM = PH243278PD;
				INFOPLIST_FILE = Shiftableseeker/Info.plist;
				LD_RUNPATH_SEARCH_PATHS = (
					"$(inherited)",
					"@executable_path/Frameworks",
				);
				MARKETING_VERSION = 1.0;
				OTHER_LDFLAGS = (
					"$(inherited)",
					"-ObjC",
					"-lc++",
				);
				PRODUCT_BUNDLE_IDENTIFIER = com.shiftable.seeker;
				PRODUCT_NAME = Shiftableseeker;
				SWIFT_VERSION = 5.0;
				VERSIONING_SYSTEM = "apple-generic";
			};
			name = Release;
		};
		83CBBA201A601CBA00E9B192 /* Debug */ = {
			isa = XCBuildConfiguration;
			buildSettings = {
				ALWAYS_SEARCH_USER_PATHS = NO;
				CLANG_ANALYZER_LOCALIZABILITY_NONLOCALIZED = YES;
				CLANG_CXX_LANGUAGE_STANDARD = "c++17";
				CLANG_CXX_LIBRARY = "libc++";
				CLANG_ENABLE_MODULES = YES;
				CLANG_ENABLE_OBJC_ARC = YES;
				CLANG_WARN_BLOCK_CAPTURE_AUTORELEASING = YES;
				CLANG_WARN_BOOL_CONVERSION = YES;
				CLANG_WARN_COMMA = YES;
				CLANG_WARN_CONSTANT_CONVERSION = YES;
				CLANG_WARN_DEPRECATED_OBJC_IMPLEMENTATIONS = YES;
				CLANG_WARN_DIRECT_OBJC_ISA_USAGE = YES_ERROR;
				CLANG_WARN_EMPTY_BODY = YES;
				CLANG_WARN_ENUM_CONVERSION = YES;
				CLANG_WARN_INFINITE_RECURSION = YES;
				CLANG_WARN_INT_CONVERSION = YES;
				CLANG_WARN_NON_LITERAL_NULL_CONVERSION = YES;
				CLANG_WARN_OBJC_IMPLICIT_RETAIN_SELF = YES;
				CLANG_WARN_OBJC_LITERAL_CONVERSION = YES;
				CLANG_WARN_OBJC_ROOT_CLASS = YES_ERROR;
				CLANG_WARN_QUOTED_INCLUDE_IN_FRAMEWORK_HEADER = YES;
				CLANG_WARN_RANGE_LOOP_ANALYSIS = YES;
				CLANG_WARN_STRICT_PROTOTYPES = YES;
				CLANG_WARN_SUSPICIOUS_MOVE = YES;
				CLANG_WARN_UNREACHABLE_CODE = YES;
				CLANG_WARN__DUPLICATE_METHOD_MATCH = YES;
				"CODE_SIGN_IDENTITY[sdk=iphoneos*]" = "iPhone Developer";
				COPY_PHASE_STRIP = NO;
				ENABLE_STRICT_OBJC_MSGSEND = YES;
				ENABLE_TESTABILITY = YES;
				"EXCLUDED_ARCHS[sdk=iphonesimulator*]" = i386;
				GCC_C_LANGUAGE_STANDARD = gnu99;
				GCC_DYNAMIC_NO_PIC = NO;
				GCC_NO_COMMON_BLOCKS = YES;
				GCC_OPTIMIZATION_LEVEL = 0;
				GCC_PREPROCESSOR_DEFINITIONS = (
					"DEBUG=1",
					"$(inherited)",
				);
				GCC_SYMBOLS_PRIVATE_EXTERN = NO;
				GCC_WARN_64_TO_32_BIT_CONVERSION = YES;
				GCC_WARN_ABOUT_RETURN_TYPE = YES_ERROR;
				GCC_WARN_UNDECLARED_SELECTOR = YES;
				GCC_WARN_UNINITIALIZED_AUTOS = YES_AGGRESSIVE;
				GCC_WARN_UNUSED_FUNCTION = YES;
				GCC_WARN_UNUSED_VARIABLE = YES;
				IPHONEOS_DEPLOYMENT_TARGET = 12.4;
				LD_RUNPATH_SEARCH_PATHS = (
					/usr/lib/swift,
					"$(inherited)",
				);
				LIBRARY_SEARCH_PATHS = (
					"\"$(SDKROOT)/usr/lib/swift\"",
					"\"$(TOOLCHAIN_DIR)/usr/lib/swift/$(PLATFORM_NAME)\"",
					"\"$(inherited)\"",
				);
				MTL_ENABLE_DEBUG_INFO = YES;
				ONLY_ACTIVE_ARCH = YES;
				OTHER_CPLUSPLUSFLAGS = (
					"$(OTHER_CFLAGS)",
					"-DFOLLY_NO_CONFIG",
					"-DFOLLY_MOBILE=1",
					"-DFOLLY_USE_LIBCPP=1",
				);
				REACT_NATIVE_PATH = "${PODS_ROOT}/../../node_modules/react-native";
				SDKROOT = iphoneos;
			};
			name = Debug;
		};
		83CBBA211A601CBA00E9B192 /* Release */ = {
			isa = XCBuildConfiguration;
			buildSettings = {
				ALWAYS_SEARCH_USER_PATHS = NO;
				CLANG_ANALYZER_LOCALIZABILITY_NONLOCALIZED = YES;
				CLANG_CXX_LANGUAGE_STANDARD = "c++17";
				CLANG_CXX_LIBRARY = "libc++";
				CLANG_ENABLE_MODULES = YES;
				CLANG_ENABLE_OBJC_ARC = YES;
				CLANG_WARN_BLOCK_CAPTURE_AUTORELEASING = YES;
				CLANG_WARN_BOOL_CONVERSION = YES;
				CLANG_WARN_COMMA = YES;
				CLANG_WARN_CONSTANT_CONVERSION = YES;
				CLANG_WARN_DEPRECATED_OBJC_IMPLEMENTATIONS = YES;
				CLANG_WARN_DIRECT_OBJC_ISA_USAGE = YES_ERROR;
				CLANG_WARN_EMPTY_BODY = YES;
				CLANG_WARN_ENUM_CONVERSION = YES;
				CLANG_WARN_INFINITE_RECURSION = YES;
				CLANG_WARN_INT_CONVERSION = YES;
				CLANG_WARN_NON_LITERAL_NULL_CONVERSION = YES;
				CLANG_WARN_OBJC_IMPLICIT_RETAIN_SELF = YES;
				CLANG_WARN_OBJC_LITERAL_CONVERSION = YES;
				CLANG_WARN_OBJC_ROOT_CLASS = YES_ERROR;
				CLANG_WARN_QUOTED_INCLUDE_IN_FRAMEWORK_HEADER = YES;
				CLANG_WARN_RANGE_LOOP_ANALYSIS = YES;
				CLANG_WARN_STRICT_PROTOTYPES = YES;
				CLANG_WARN_SUSPICIOUS_MOVE = YES;
				CLANG_WARN_UNREACHABLE_CODE = YES;
				CLANG_WARN__DUPLICATE_METHOD_MATCH = YES;
				"CODE_SIGN_IDENTITY[sdk=iphoneos*]" = "iPhone Developer";
				COPY_PHASE_STRIP = YES;
				ENABLE_NS_ASSERTIONS = NO;
				ENABLE_STRICT_OBJC_MSGSEND = YES;
				"EXCLUDED_ARCHS[sdk=iphonesimulator*]" = i386;
				GCC_C_LANGUAGE_STANDARD = gnu99;
				GCC_NO_COMMON_BLOCKS = YES;
				GCC_WARN_64_TO_32_BIT_CONVERSION = YES;
				GCC_WARN_ABOUT_RETURN_TYPE = YES_ERROR;
				GCC_WARN_UNDECLARED_SELECTOR = YES;
				GCC_WARN_UNINITIALIZED_AUTOS = YES_AGGRESSIVE;
				GCC_WARN_UNUSED_FUNCTION = YES;
				GCC_WARN_UNUSED_VARIABLE = YES;
				IPHONEOS_DEPLOYMENT_TARGET = 12.4;
				LD_RUNPATH_SEARCH_PATHS = (
					/usr/lib/swift,
					"$(inherited)",
				);
				LIBRARY_SEARCH_PATHS = (
					"\"$(SDKROOT)/usr/lib/swift\"",
					"\"$(TOOLCHAIN_DIR)/usr/lib/swift/$(PLATFORM_NAME)\"",
					"\"$(inherited)\"",
				);
				MTL_ENABLE_DEBUG_INFO = NO;
				OTHER_CPLUSPLUSFLAGS = (
					"$(OTHER_CFLAGS)",
					"-DFOLLY_NO_CONFIG",
					"-DFOLLY_MOBILE=1",
					"-DFOLLY_USE_LIBCPP=1",
				);
				REACT_NATIVE_PATH = "${PODS_ROOT}/../../node_modules/react-native";
				SDKROOT = iphoneos;
				VALIDATE_PRODUCT = YES;
			};
			name = Release;
		};
/* End XCBuildConfiguration section */

/* Begin XCConfigurationList section */
		00E357021AD99517003FC87E /* Build configuration list for PBXNativeTarget "ShiftableseekerTests" */ = {
			isa = XCConfigurationList;
			buildConfigurations = (
				00E356F61AD99517003FC87E /* Debug */,
				00E356F71AD99517003FC87E /* Release */,
			);
			defaultConfigurationIsVisible = 0;
			defaultConfigurationName = Release;
		};
		13B07F931A680F5B00A75B9A /* Build configuration list for PBXNativeTarget "Shiftableseeker" */ = {
			isa = XCConfigurationList;
			buildConfigurations = (
				13B07F941A680F5B00A75B9A /* Debug */,
				13B07F951A680F5B00A75B9A /* Release */,
			);
			defaultConfigurationIsVisible = 0;
			defaultConfigurationName = Release;
		};
		83CBB9FA1A601CBA00E9B192 /* Build configuration list for PBXProject "Shiftableseeker" */ = {
			isa = XCConfigurationList;
			buildConfigurations = (
				83CBBA201A601CBA00E9B192 /* Debug */,
				83CBBA211A601CBA00E9B192 /* Release */,
			);
			defaultConfigurationIsVisible = 0;
			defaultConfigurationName = Release;
		};
/* End XCConfigurationList section */
	};
	rootObject = 83CBB9F71A601CBA00E9B192 /* Project object */;
}
